
Microsoft Visual Studio Solution File, Format Version 12.00
# Visual Studio 14
VisualStudioVersion = 14.0.25420.1
MinimumVisualStudioVersion = 10.0.40219.1
Project("{FAE04EC0-301F-11D3-BF4B-00C04F79EFBC}") = "SmartGate.ElRwad.DAL", "SmartGate.ElRwad.DAL\SmartGate.ElRwad.DAL.csproj", "{850F7029-FBB3-4177-B8D1-C3E402A26699}"
EndProject
Project("{FAE04EC0-301F-11D3-BF4B-00C04F79EFBC}") = "SmartGate.ElRwad.WebAPI", "SmartGate.ElRwad.WebAPI\SmartGate.ElRwad.WebAPI.csproj", "{AE9FED82-D93A-4F60-B9FB-CE81E2AD5FAE}"
EndProject
Project("{FAE04EC0-301F-11D3-BF4B-00C04F79EFBC}") = "SmartGate.ElRwad.Portal", "SmartGate.ElRwad.Portal\SmartGate.ElRwad.Portal.csproj", "{424B03F5-2944-4702-AF54-C8D4EAE7E914}"
EndProject
Project("{FAE04EC0-301F-11D3-BF4B-00C04F79EFBC}") = "SmartGate.ElRwad.ResaurceManger", "SmartGate.ElRwad.ResaurceManger\SmartGate.ElRwad.ResaurceManger.csproj", "{9804F74C-204C-4A24-98D2-9C4D3D14C5F5}"
EndProject
Project("{FAE04EC0-301F-11D3-BF4B-00C04F79EFBC}") = "SmartGate.ElRwad.ViewModel", "SmartGate.ElRwad.ViewModel\SmartGate.ElRwad.ViewModel.csproj", "{E3DD2386-DA27-4FB0-B17C-CAC550782BB6}"
EndProject
Project("{FAE04EC0-301F-11D3-BF4B-00C04F79EFBC}") = "SmartGate.ElRwad.BLL", "SmartGate.ElRwad.BLL\SmartGate.ElRwad.BLL.csproj", "{173CC09A-97B7-4521-B58C-2A32DBFB6B6D}"
EndProject
Project("{FAE04EC0-301F-11D3-BF4B-00C04F79EFBC}") = "SmartGate.ElRwad.Test", "SmartGate.ElRwad.Test\SmartGate.ElRwad.Test.csproj", "{55FD949C-1A9C-4A12-A3A6-CBF8F361B2F0}"
EndProject
Project("{FAE04EC0-301F-11D3-BF4B-00C04F79EFBC}") = "AlRwad.Portal", "..\..\..\BAK\AlRwad\al rwad\AlRwad.Portal.csproj", "{890B4799-6CA0-4AF0-89C1-3C21FDD77C28}"
EndProject
Global
	GlobalSection(SolutionConfigurationPlatforms) = preSolution
		Debug|Any CPU = Debug|Any CPU
		Release|Any CPU = Release|Any CPU
	EndGlobalSection
	GlobalSection(ProjectConfigurationPlatforms) = postSolution
		{850F7029-FBB3-4177-B8D1-C3E402A26699}.Debug|Any CPU.ActiveCfg = Debug|Any CPU
		{850F7029-FBB3-4177-B8D1-C3E402A26699}.Debug|Any CPU.Build.0 = Debug|Any CPU
		{850F7029-FBB3-4177-B8D1-C3E402A26699}.Release|Any CPU.ActiveCfg = Release|Any CPU
		{850F7029-FBB3-4177-B8D1-C3E402A26699}.Release|Any CPU.Build.0 = Release|Any CPU
		{AE9FED82-D93A-4F60-B9FB-CE81E2AD5FAE}.Debug|Any CPU.ActiveCfg = Debug|Any CPU
		{AE9FED82-D93A-4F60-B9FB-CE81E2AD5FAE}.Debug|Any CPU.Build.0 = Debug|Any CPU
		{AE9FED82-D93A-4F60-B9FB-CE81E2AD5FAE}.Release|Any CPU.ActiveCfg = Release|Any CPU
		{AE9FED82-D93A-4F60-B9FB-CE81E2AD5FAE}.Release|Any CPU.Build.0 = Release|Any CPU
		{424B03F5-2944-4702-AF54-C8D4EAE7E914}.Debug|Any CPU.ActiveCfg = Debug|Any CPU
		{424B03F5-2944-4702-AF54-C8D4EAE7E914}.Debug|Any CPU.Build.0 = Debug|Any CPU
		{424B03F5-2944-4702-AF54-C8D4EAE7E914}.Release|Any CPU.ActiveCfg = Release|Any CPU
		{424B03F5-2944-4702-AF54-C8D4EAE7E914}.Release|Any CPU.Build.0 = Release|Any CPU
		{9804F74C-204C-4A24-98D2-9C4D3D14C5F5}.Debug|Any CPU.ActiveCfg = Debug|Any CPU
		{9804F74C-204C-4A24-98D2-9C4D3D14C5F5}.Debug|Any CPU.Build.0 = Debug|Any CPU
		{9804F74C-204C-4A24-98D2-9C4D3D14C5F5}.Release|Any CPU.ActiveCfg = Release|Any CPU
		{9804F74C-204C-4A24-98D2-9C4D3D14C5F5}.Release|Any CPU.Build.0 = Release|Any CPU
		{E3DD2386-DA27-4FB0-B17C-CAC550782BB6}.Debug|Any CPU.ActiveCfg = Debug|Any CPU
		{E3DD2386-DA27-4FB0-B17C-CAC550782BB6}.Debug|Any CPU.Build.0 = Debug|Any CPU
		{E3DD2386-DA27-4FB0-B17C-CAC550782BB6}.Release|Any CPU.ActiveCfg = Release|Any CPU
		{E3DD2386-DA27-4FB0-B17C-CAC550782BB6}.Release|Any CPU.Build.0 = Release|Any CPU
		{173CC09A-97B7-4521-B58C-2A32DBFB6B6D}.Debug|Any CPU.ActiveCfg = Debug|Any CPU
		{173CC09A-97B7-4521-B58C-2A32DBFB6B6D}.Debug|Any CPU.Build.0 = Debug|Any CPU
		{173CC09A-97B7-4521-B58C-2A32DBFB6B6D}.Release|Any CPU.ActiveCfg = Release|Any CPU
		{173CC09A-97B7-4521-B58C-2A32DBFB6B6D}.Release|Any CPU.Build.0 = Release|Any CPU
		{55FD949C-1A9C-4A12-A3A6-CBF8F361B2F0}.Debug|Any CPU.ActiveCfg = Debug|Any CPU
		{55FD949C-1A9C-4A12-A3A6-CBF8F361B2F0}.Debug|Any CPU.Build.0 = Debug|Any CPU
		{55FD949C-1A9C-4A12-A3A6-CBF8F361B2F0}.Release|Any CPU.ActiveCfg = Release|Any CPU
		{55FD949C-1A9C-4A12-A3A6-CBF8F361B2F0}.Release|Any CPU.Build.0 = Release|Any CPU
		{890B4799-6CA0-4AF0-89C1-3C21FDD77C28}.Debug|Any CPU.ActiveCfg = Debug|Any CPU
		{890B4799-6CA0-4AF0-89C1-3C21FDD77C28}.Debug|Any CPU.Build.0 = Debug|Any CPU
		{890B4799-6CA0-4AF0-89C1-3C21FDD77C28}.Release|Any CPU.ActiveCfg = Release|Any CPU
		{890B4799-6CA0-4AF0-89C1-3C21FDD77C28}.Release|Any CPU.Build.0 = Release|Any CPU
	EndGlobalSection
	GlobalSection(SolutionProperties) = preSolution
		HideSolutionNode = FALSE
	EndGlobalSection
EndGlobal
